PODS:
  - TinkoffConcurrency (1.1.0)
  - TinkoffConcurrency/Tests (1.1.0)

DEPENDENCIES:
  - TinkoffConcurrency (from `../`)
  - TinkoffConcurrency/Tests (from `../`)

EXTERNAL SOURCES:
  TinkoffConcurrency:
    :path: "../"

SPEC CHECKSUMS:
  TinkoffConcurrency: 451ef3abd4e77856928041ad21aeac7e1a1ab295

PODFILE CHECKSUM: 94cd4e6bdae2369a010ce5966c9a239197ff8c7e

COCOAPODS: 1.12.0
